Microsoft Visual Studio Solution File, Format Version 9.00
# Visual Studio 2005
Project("{8BC9CEB8-8B4A-11D0-8D11-00A0C91BC942}") = "elib", "elib.vcproj", "{ADF1C622-349B-4026-AF5D-706083979B4E}"
EndProject
Global
	GlobalSection(SolutionConfigurationPlatforms) = preSolution
		Debug|Win32 = Debug|Win32
		MFC Debug|Win32 = MFC Debug|Win32
		MFC Release|Win32 = MFC Release|Win32
		MultiThread DLL Debug|Win32 = MultiThread DLL Debug|Win32
		MultiThread DLL Release|Win32 = MultiThread DLL Release|Win32
		MultiThread Static Debug|Win32 = MultiThread Static Debug|Win32
		MultiThread Static Release|Win32 = MultiThread Static Release|Win32
		Release|Win32 = Release|Win32
	EndGlobalSection
	GlobalSection(ProjectConfigurationPlatforms) = postSolution
		{ADF1C622-349B-4026-AF5D-706083979B4E}.Debug|Win32.ActiveCfg = Debug|Win32
		{ADF1C622-349B-4026-AF5D-706083979B4E}.Debug|Win32.Build.0 = Debug|Win32
		{ADF1C622-349B-4026-AF5D-706083979B4E}.MFC Debug|Win32.ActiveCfg = MFC Debug|Win32
		{ADF1C622-349B-4026-AF5D-706083979B4E}.MFC Debug|Win32.Build.0 = MFC Debug|Win32
		{ADF1C622-349B-4026-AF5D-706083979B4E}.MFC Release|Win32.ActiveCfg = MFC Release|Win32
		{ADF1C622-349B-4026-AF5D-706083979B4E}.MFC Release|Win32.Build.0 = MFC Release|Win32
		{ADF1C622-349B-4026-AF5D-706083979B4E}.MultiThread DLL Debug|Win32.ActiveCfg = MultiThread DLL Debug|Win32
		{ADF1C622-349B-4026-AF5D-706083979B4E}.MultiThread DLL Debug|Win32.Build.0 = MultiThread DLL Debug|Win32
		{ADF1C622-349B-4026-AF5D-706083979B4E}.MultiThread DLL Release|Win32.ActiveCfg = MultiThread DLL Release|Win32
		{ADF1C622-349B-4026-AF5D-706083979B4E}.MultiThread DLL Release|Win32.Build.0 = MultiThread DLL Release|Win32
		{ADF1C622-349B-4026-AF5D-706083979B4E}.MultiThread Static Debug|Win32.ActiveCfg = MultiThread Static Debug|Win32
		{ADF1C622-349B-4026-AF5D-706083979B4E}.MultiThread Static Debug|Win32.Build.0 = MultiThread Static Debug|Win32
		{ADF1C622-349B-4026-AF5D-706083979B4E}.MultiThread Static Release|Win32.ActiveCfg = MultiThread Static Release|Win32
		{ADF1C622-349B-4026-AF5D-706083979B4E}.MultiThread Static Release|Win32.Build.0 = MultiThread Static Release|Win32
		{ADF1C622-349B-4026-AF5D-706083979B4E}.Release|Win32.ActiveCfg = Release|Win32
		{ADF1C622-349B-4026-AF5D-706083979B4E}.Release|Win32.Build.0 = Release|Win32
	EndGlobalSection
	GlobalSection(SolutionProperties) = preSolution
		HideSolutionNode = FALSE
	EndGlobalSection
EndGlobal
